
Microsoft Visual Studio Solution File, Format Version 12.00
# Visual Studio Version 17
VisualStudioVersion = 17.4.33213.308
MinimumVisualStudioVersion = 10.0.40219.1
Project("{FAE04EC0-301F-11D3-BF4B-00C04F79EFBC}") = "IoC _DI", "IoC _DI\IoC _DI.csproj", "{23C10B42-2E9B-4C00-B1F6-7EFF72793220}"
EndProject
Global
	GlobalSection(SolutionConfigurationPlatforms) = preSolution
		Debug|Any CPU = Debug|Any CPU
		Release|Any CPU = Release|Any CPU
	EndGlobalSection
	GlobalSection(ProjectConfigurationPlatforms) = postSolution
		{23C10B42-2E9B-4C00-B1F6-7EFF72793220}.Debug|Any CPU.ActiveCfg = Debug|Any CPU
		{23C10B42-2E9B-4C00-B1F6-7EFF72793220}.Debug|Any CPU.Build.0 = Debug|Any CPU
		{23C10B42-2E9B-4C00-B1F6-7EFF72793220}.Release|Any CPU.ActiveCfg = Release|Any CPU
		{23C10B42-2E9B-4C00-B1F6-7EFF72793220}.Release|Any CPU.Build.0 = Release|Any CPU
	EndGlobalSection
	GlobalSection(SolutionProperties) = preSolution
		HideSolutionNode = FALSE
	EndGlobalSection
	GlobalSection(ExtensibilityGlobals) = postSolution
		SolutionGuid = {E02BF815-296A-4FE8-8886-E9310561CC58}
	EndGlobalSection
EndGlobal
